
Microsoft Visual Studio Solution File, Format Version 12.00
# Visual Studio Version 17
VisualStudioVersion = 17.4.33403.182
MinimumVisualStudioVersion = 10.0.40219.1
Project("{FAE04EC0-301F-11D3-BF4B-00C04F79EFBC}") = "Volkov_HW_21_NET", "Volkov_HW_21_NET\Volkov_HW_21_NET.csproj", "{A576DA0F-0498-4427-BF7B-514FCC14D7DD}"
EndProject
Global
	GlobalSection(SolutionConfigurationPlatforms) = preSolution
		Debug|Any CPU = Debug|Any CPU
		Release|Any CPU = Release|Any CPU
	EndGlobalSection
	GlobalSection(ProjectConfigurationPlatforms) = postSolution
		{A576DA0F-0498-4427-BF7B-514FCC14D7DD}.Debug|Any CPU.ActiveCfg = Debug|Any CPU
		{A576DA0F-0498-4427-BF7B-514FCC14D7DD}.Debug|Any CPU.Build.0 = Debug|Any CPU
		{A576DA0F-0498-4427-BF7B-514FCC14D7DD}.Release|Any CPU.ActiveCfg = Release|Any CPU
		{A576DA0F-0498-4427-BF7B-514FCC14D7DD}.Release|Any CPU.Build.0 = Release|Any CPU
	EndGlobalSection
	GlobalSection(SolutionProperties) = preSolution
		HideSolutionNode = FALSE
	EndGlobalSection
	GlobalSection(ExtensibilityGlobals) = postSolution
		SolutionGuid = {BAD4DA43-152C-4D47-A3BD-C82B938CF6D6}
	EndGlobalSection
EndGlobal
