
Microsoft Visual Studio Solution File, Format Version 12.00
# Visual Studio Version 17
VisualStudioVersion = 17.4.33213.308
MinimumVisualStudioVersion = 10.0.40219.1
Project("{FAE04EC0-301F-11D3-BF4B-00C04F79EFBC}") = "Volkov_HW_3_.NET", "Volkov_HW_3_.NET\Volkov_HW_3_.NET.csproj", "{AF7DF0B1-70D1-4A3D-B72D-E1FE52B84346}"
EndProject
Global
	GlobalSection(SolutionConfigurationPlatforms) = preSolution
		Debug|Any CPU = Debug|Any CPU
		Release|Any CPU = Release|Any CPU
	EndGlobalSection
	GlobalSection(ProjectConfigurationPlatforms) = postSolution
		{AF7DF0B1-70D1-4A3D-B72D-E1FE52B84346}.Debug|Any CPU.ActiveCfg = Debug|Any CPU
		{AF7DF0B1-70D1-4A3D-B72D-E1FE52B84346}.Debug|Any CPU.Build.0 = Debug|Any CPU
		{AF7DF0B1-70D1-4A3D-B72D-E1FE52B84346}.Release|Any CPU.ActiveCfg = Release|Any CPU
		{AF7DF0B1-70D1-4A3D-B72D-E1FE52B84346}.Release|Any CPU.Build.0 = Release|Any CPU
	EndGlobalSection
	GlobalSection(SolutionProperties) = preSolution
		HideSolutionNode = FALSE
	EndGlobalSection
	GlobalSection(ExtensibilityGlobals) = postSolution
		SolutionGuid = {884E9225-3BB8-4B88-AB35-37DDF3FC1D71}
	EndGlobalSection
EndGlobal
