
Microsoft Visual Studio Solution File, Format Version 12.00
# Visual Studio Version 17
VisualStudioVersion = 17.4.33403.182
MinimumVisualStudioVersion = 10.0.40219.1
Project("{FAE04EC0-301F-11D3-BF4B-00C04F79EFBC}") = "Volkov_LAB_9_NET", "Volkov_LAB_9_NET\Volkov_LAB_9_NET.csproj", "{070DD833-F9AC-448E-ABAE-C1C1B88EF7EE}"
EndProject
Global
	GlobalSection(SolutionConfigurationPlatforms) = preSolution
		Debug|Any CPU = Debug|Any CPU
		Release|Any CPU = Release|Any CPU
	EndGlobalSection
	GlobalSection(ProjectConfigurationPlatforms) = postSolution
		{070DD833-F9AC-448E-ABAE-C1C1B88EF7EE}.Debug|Any CPU.ActiveCfg = Debug|Any CPU
		{070DD833-F9AC-448E-ABAE-C1C1B88EF7EE}.Debug|Any CPU.Build.0 = Debug|Any CPU
		{070DD833-F9AC-448E-ABAE-C1C1B88EF7EE}.Release|Any CPU.ActiveCfg = Release|Any CPU
		{070DD833-F9AC-448E-ABAE-C1C1B88EF7EE}.Release|Any CPU.Build.0 = Release|Any CPU
	EndGlobalSection
	GlobalSection(SolutionProperties) = preSolution
		HideSolutionNode = FALSE
	EndGlobalSection
	GlobalSection(ExtensibilityGlobals) = postSolution
		SolutionGuid = {41942BC2-6772-4798-9F4D-300636F4269E}
	EndGlobalSection
EndGlobal
