
Microsoft Visual Studio Solution File, Format Version 12.00
# Visual Studio Version 17
VisualStudioVersion = 17.4.33403.182
MinimumVisualStudioVersion = 10.0.40219.1
Project("{FAE04EC0-301F-11D3-BF4B-00C04F79EFBC}") = "Volkov_LAB_13_NET", "Volkov_LAB_13_NET\Volkov_LAB_13_NET.csproj", "{DD69656E-557E-48BF-8D62-4695439CA0BC}"
EndProject
Global
	GlobalSection(SolutionConfigurationPlatforms) = preSolution
		Debug|Any CPU = Debug|Any CPU
		Release|Any CPU = Release|Any CPU
	EndGlobalSection
	GlobalSection(ProjectConfigurationPlatforms) = postSolution
		{DD69656E-557E-48BF-8D62-4695439CA0BC}.Debug|Any CPU.ActiveCfg = Debug|Any CPU
		{DD69656E-557E-48BF-8D62-4695439CA0BC}.Debug|Any CPU.Build.0 = Debug|Any CPU
		{DD69656E-557E-48BF-8D62-4695439CA0BC}.Release|Any CPU.ActiveCfg = Release|Any CPU
		{DD69656E-557E-48BF-8D62-4695439CA0BC}.Release|Any CPU.Build.0 = Release|Any CPU
	EndGlobalSection
	GlobalSection(SolutionProperties) = preSolution
		HideSolutionNode = FALSE
	EndGlobalSection
	GlobalSection(ExtensibilityGlobals) = postSolution
		SolutionGuid = {546A7703-30D5-472A-9F52-0CF0148F3C94}
	EndGlobalSection
EndGlobal
