
Microsoft Visual Studio Solution File, Format Version 12.00
# Visual Studio Version 17
VisualStudioVersion = 17.4.33213.308
MinimumVisualStudioVersion = 10.0.40219.1
Project("{FAE04EC0-301F-11D3-BF4B-00C04F79EFBC}") = "Volkov_HW_7_NET", "Volkov_HW_7_NET\Volkov_HW_7_NET.csproj", "{B1EB85FF-EAF8-4AF3-8830-257968E345DC}"
EndProject
Global
	GlobalSection(SolutionConfigurationPlatforms) = preSolution
		Debug|Any CPU = Debug|Any CPU
		Release|Any CPU = Release|Any CPU
	EndGlobalSection
	GlobalSection(ProjectConfigurationPlatforms) = postSolution
		{B1EB85FF-EAF8-4AF3-8830-257968E345DC}.Debug|Any CPU.ActiveCfg = Debug|Any CPU
		{B1EB85FF-EAF8-4AF3-8830-257968E345DC}.Debug|Any CPU.Build.0 = Debug|Any CPU
		{B1EB85FF-EAF8-4AF3-8830-257968E345DC}.Release|Any CPU.ActiveCfg = Release|Any CPU
		{B1EB85FF-EAF8-4AF3-8830-257968E345DC}.Release|Any CPU.Build.0 = Release|Any CPU
	EndGlobalSection
	GlobalSection(SolutionProperties) = preSolution
		HideSolutionNode = FALSE
	EndGlobalSection
	GlobalSection(ExtensibilityGlobals) = postSolution
		SolutionGuid = {8413574E-CCBC-4D27-BDFB-74535198B638}
	EndGlobalSection
EndGlobal
