
Microsoft Visual Studio Solution File, Format Version 12.00
# Visual Studio Version 17
VisualStudioVersion = 17.4.33403.182
MinimumVisualStudioVersion = 10.0.40219.1
Project("{FAE04EC0-301F-11D3-BF4B-00C04F79EFBC}") = "Volkov_HW_19_NET", "Volkov_HW_19_NET\Volkov_HW_19_NET.csproj", "{EEFD9B0C-E887-4641-B41C-B16E87F5A78A}"
EndProject
Global
	GlobalSection(SolutionConfigurationPlatforms) = preSolution
		Debug|Any CPU = Debug|Any CPU
		Release|Any CPU = Release|Any CPU
	EndGlobalSection
	GlobalSection(ProjectConfigurationPlatforms) = postSolution
		{EEFD9B0C-E887-4641-B41C-B16E87F5A78A}.Debug|Any CPU.ActiveCfg = Debug|Any CPU
		{EEFD9B0C-E887-4641-B41C-B16E87F5A78A}.Debug|Any CPU.Build.0 = Debug|Any CPU
		{EEFD9B0C-E887-4641-B41C-B16E87F5A78A}.Release|Any CPU.ActiveCfg = Release|Any CPU
		{EEFD9B0C-E887-4641-B41C-B16E87F5A78A}.Release|Any CPU.Build.0 = Release|Any CPU
	EndGlobalSection
	GlobalSection(SolutionProperties) = preSolution
		HideSolutionNode = FALSE
	EndGlobalSection
	GlobalSection(ExtensibilityGlobals) = postSolution
		SolutionGuid = {78538951-AE60-454D-833F-0E4AE4C2278D}
	EndGlobalSection
EndGlobal
