
Microsoft Visual Studio Solution File, Format Version 12.00
# Visual Studio Version 17
VisualStudioVersion = 17.4.33403.182
MinimumVisualStudioVersion = 10.0.40219.1
Project("{FAE04EC0-301F-11D3-BF4B-00C04F79EFBC}") = "Volkov_HW_22_NET", "Volkov_HW_22_NET\Volkov_HW_22_NET.csproj", "{3940AA1B-7270-4FF8-B369-C45FE778F0D0}"
EndProject
Global
	GlobalSection(SolutionConfigurationPlatforms) = preSolution
		Debug|Any CPU = Debug|Any CPU
		Release|Any CPU = Release|Any CPU
	EndGlobalSection
	GlobalSection(ProjectConfigurationPlatforms) = postSolution
		{3940AA1B-7270-4FF8-B369-C45FE778F0D0}.Debug|Any CPU.ActiveCfg = Debug|Any CPU
		{3940AA1B-7270-4FF8-B369-C45FE778F0D0}.Debug|Any CPU.Build.0 = Debug|Any CPU
		{3940AA1B-7270-4FF8-B369-C45FE778F0D0}.Release|Any CPU.ActiveCfg = Release|Any CPU
		{3940AA1B-7270-4FF8-B369-C45FE778F0D0}.Release|Any CPU.Build.0 = Release|Any CPU
	EndGlobalSection
	GlobalSection(SolutionProperties) = preSolution
		HideSolutionNode = FALSE
	EndGlobalSection
	GlobalSection(ExtensibilityGlobals) = postSolution
		SolutionGuid = {4A701D46-537B-4ECD-BBFE-F9FEEBDC616E}
	EndGlobalSection
EndGlobal
